
Microsoft Visual Studio Solution File, Format Version 12.00
# Visual Studio Version 17
VisualStudioVersion = 17.1.32228.430
MinimumVisualStudioVersion = 10.0.40219.1
Project("{9A19103F-16F7-4668-BE54-9A1E7A4F7556}") = "Research.GrpcService", "Research.GrpcService\Research.GrpcService.csproj", "{92C66314-A881-4A7C-8490-6629C45DA0A6}"
EndProject
Project("{FAE04EC0-301F-11D3-BF4B-00C04F79EFBC}") = "Research.GrpcClient", "Research.GrpcClient\Research.GrpcClient.csproj", "{4BC7A688-77F0-476C-95F5-7C888134401B}"
EndProject
Global
	GlobalSection(SolutionConfigurationPlatforms) = preSolution
		Debug|Any CPU = Debug|Any CPU
		Release|Any CPU = Release|Any CPU
	EndGlobalSection
	GlobalSection(ProjectConfigurationPlatforms) = postSolution
		{92C66314-A881-4A7C-8490-6629C45DA0A6}.Debug|Any CPU.ActiveCfg = Debug|Any CPU
		{92C66314-A881-4A7C-8490-6629C45DA0A6}.Debug|Any CPU.Build.0 = Debug|Any CPU
		{92C66314-A881-4A7C-8490-6629C45DA0A6}.Release|Any CPU.ActiveCfg = Release|Any CPU
		{92C66314-A881-4A7C-8490-6629C45DA0A6}.Release|Any CPU.Build.0 = Release|Any CPU
		{4BC7A688-77F0-476C-95F5-7C888134401B}.Debug|Any CPU.ActiveCfg = Debug|Any CPU
		{4BC7A688-77F0-476C-95F5-7C888134401B}.Debug|Any CPU.Build.0 = Debug|Any CPU
		{4BC7A688-77F0-476C-95F5-7C888134401B}.Release|Any CPU.ActiveCfg = Release|Any CPU
		{4BC7A688-77F0-476C-95F5-7C888134401B}.Release|Any CPU.Build.0 = Release|Any CPU
	EndGlobalSection
	GlobalSection(SolutionProperties) = preSolution
		HideSolutionNode = FALSE
	EndGlobalSection
	GlobalSection(ExtensibilityGlobals) = postSolution
		SolutionGuid = {5C5EEE74-E755-42D6-B2AD-02D42E4FACB6}
	EndGlobalSection
EndGlobal
